
Microsoft Visual Studio Solution File, Format Version 12.00
# Visual Studio Version 16
VisualStudioVersion = 16.0.29215.179
MinimumVisualStudioVersion = 10.0.40219.1
Project("{FAE04EC0-301F-11D3-BF4B-00C04F79EFBC}") = "APIIntroducao", "APIIntroducao.csproj", "{C341DBE2-06B7-4598-84AA-083C9A03AA14}"
EndProject
Global
	GlobalSection(SolutionConfigurationPlatforms) = preSolution
		Debug|Any CPU = Debug|Any CPU
		Release|Any CPU = Release|Any CPU
	EndGlobalSection
	GlobalSection(ProjectConfigurationPlatforms) = postSolution
		{C341DBE2-06B7-4598-84AA-083C9A03AA14}.Debug|Any CPU.ActiveCfg = Debug|Any CPU
		{C341DBE2-06B7-4598-84AA-083C9A03AA14}.Debug|Any CPU.Build.0 = Debug|Any CPU
		{C341DBE2-06B7-4598-84AA-083C9A03AA14}.Release|Any CPU.ActiveCfg = Release|Any CPU
		{C341DBE2-06B7-4598-84AA-083C9A03AA14}.Release|Any CPU.Build.0 = Release|Any CPU
	EndGlobalSection
	GlobalSection(SolutionProperties) = preSolution
		HideSolutionNode = FALSE
	EndGlobalSection
	GlobalSection(ExtensibilityGlobals) = postSolution
		SolutionGuid = {2E3D4EAF-2506-44DE-915B-43D93E006DB5}
	EndGlobalSection
EndGlobal
